# THIS IS AN AUTOGENERATED FILE. DO NOT EDIT THIS FILE DIRECTLY.
# yarn lockfile v1


base64-js@^1.5.1:
  version "1.5.1"
  resolved "https://registry.yarnpkg.com/base64-js/-/base64-js-1.5.1.tgz#1b1b440160a5bf7ad40b650f095963481903930a"
  integrity sha512-AKpaYlHn8t4SVbOHCy+b5+KKgvR4vrsD8vbvrbiQJps7fKDTkjkDry6ji0rUJjC0kzbNePLwzxq8iypo41qeWA==

headers-polyfill@^4.0.3:
  version "4.0.3"
  resolved "https://registry.yarnpkg.com/headers-polyfill/-/headers-polyfill-4.0.3.tgz#922a0155de30ecc1f785bcf04be77844ca95ad07"
  integrity sha512-IScLbePpkvO846sIwOtOTDjutRMWdXdJmXdMvk6gCBHxFO8d+QKOQedyZSxFTTFYRSmlgSTDtXqqq4pcenBXLQ==

object-inspect@^1.13.4:
  version "1.13.4"
  resolved "https://registry.yarnpkg.com/object-inspect/-/object-inspect-1.13.4.tgz#8375265e21bc20d0fa582c22e1b13485d6e00213"
  integrity sha512-W67iLl4J2EXEGTbfeHCffrjDfitvLANg0UlX3wFUUSTx92KXRFegMHUVgSqE+wvhAbi4WqjGg9czysTV2Epbew==

prettier@^3.3.3:
  version "3.8.1"
  resolved "https://registry.yarnpkg.com/prettier/-/prettier-3.8.1.tgz#edf48977cf991558f4fcbd8a3ba6015ba2a3a173"
  integrity sha512-UOnG6LftzbdaHZcKoPFtOcCKztrQ57WkHDeRD9t/PTQtmT0NHSeWWepj6pS0z/N7+08BHFDQVUrfmfMRcZwbMg==

pure-rand@^7.0.1:
  version "7.0.1"
  resolved "https://registry.yarnpkg.com/pure-rand/-/pure-rand-7.0.1.tgz#6f53a5a9e3e4a47445822af96821ca509ed37566"
  integrity sha512-oTUZM/NAZS8p7ANR3SHh30kXB+zK2r2BPcEn/awJIbOvq82WoMN4p62AWWp3Hhw50G0xMsw1mhIBLqHw64EcNQ==

safe-stable-stringify@^2.5.0:
  version "2.5.0"
  resolved "https://registry.yarnpkg.com/safe-stable-stringify/-/safe-stable-stringify-2.5.0.tgz#4ca2f8e385f2831c432a719b108a3bf7af42a1dd"
  integrity sha512-b3rppTKm9T+PsVCBEOUR46GWI7fdOs00VKZ1+9c1EWDaDMvjQc6tUwuFyIprgGgTcWoVHSKrU8H31ZHA2e0RHA==

spacetimedb@^2.0.4:
  version "2.0.4"
  resolved "https://registry.yarnpkg.com/spacetimedb/-/spacetimedb-2.0.4.tgz#3a3f5c7233df568d26265bd60c1cd6c25cb2df92"
  integrity sha512-7GiZerC9SKXvHvcaOLCgLEjFL4XOcG30k5f/ogA9QqBuD+tO/om6DfhIplo5dUg976gfqxr3Hsp5XtY2pPSCKw==
  dependencies:
    base64-js "^1.5.1"
    headers-polyfill "^4.0.3"
    object-inspect "^1.13.4"
    prettier "^3.3.3"
    pure-rand "^7.0.1"
    safe-stable-stringify "^2.5.0"
    statuses "^2.0.2"
    url-polyfill "^1.1.14"

statuses@^2.0.2:
  version "2.0.2"
  resolved "https://registry.yarnpkg.com/statuses/-/statuses-2.0.2.tgz#8f75eecef765b5e1cfcdc080da59409ed424e382"
  integrity sha512-DvEy55V3DB7uknRo+4iOGT5fP1slR8wQohVdknigZPMpMstaKJQWhwiYBACJE3Ul2pTnATihhBYnRhZQHGBiRw==

typescript@~5.6.2:
  version "5.6.3"
  resolved "https://registry.yarnpkg.com/typescript/-/typescript-5.6.3.tgz#5f3449e31c9d94febb17de03cc081dd56d81db5b"
  integrity sha512-hjcS1mhfuyi4WW8IWtjP7brDrG2cuDZukyrYrSauoXGNgx0S7zceP07adYkJycEr56BOUTNPzbInooiN3fn1qw==

url-polyfill@^1.1.14:
  version "1.1.14"
  resolved "https://registry.yarnpkg.com/url-polyfill/-/url-polyfill-1.1.14.tgz#26497c1302408af05ea548e3370f0d0c68aafc40"
  integrity sha512-p4f3TTAG6ADVF3mwbXw7hGw+QJyw5CnNGvYh5fCuQQZIiuKUswqcznyV3pGDP9j0TSmC4UvRKm8kl1QsX1diiQ==
